// !$*UTF8*$!
{
	archiveVersion = 1;
	classes = {
	};
	objectVersion = 46;
	objects = {

/* Begin PBXBuildFile section */
		07FBEA681F531DDE004EDDE2 /* AppDelegate.swift in Sources */ = {isa = PBXBuildFile; fileRef = 07FBEA671F531DDE004EDDE2 /* AppDelegate.swift */; };
		07FBEA6A1F531DDE004EDDE2 /* ViewController.swift in Sources */ = {isa = PBXBuildFile; fileRef = 07FBEA691F531DDE004EDDE2 /* ViewController.swift */; };
		07FBEA6D1F531DDE004EDDE2 /* Main.storyboard in Resources */ = {isa = PBXBuildFile; fileRef = 07FBEA6B1F531DDE004EDDE2 /* Main.storyboard */; };
		07FBEA6F1F531DDE004EDDE2 /* Assets.xcassets in Resources */ = {isa = PBXBuildFile; fileRef = 07FBEA6E1F531DDE004EDDE2 /* Assets.xcassets */; };
		07FBEA721F531DDE004EDDE2 /* LaunchScreen.storyboard in Resources */ = {isa = PBXBuildFile; fileRef = 07FBEA701F531DDE004EDDE2 /* LaunchScreen.storyboard */; };
/* End PBXBuildFile section */

/* Begin PBXFileReference section */
		07FBEA641F531DDE004EDDE2 /* Mac Bul!.app */ = {isa = PBXFileReference; explicitFileType = wrapper.application; includeInIndex = 0; path = "Mac Bul!.app"; sourceTree = BUILT_PRODUCTS_DIR; };
		07FBEA671F531DDE004EDDE2 /* AppDelegate.swift */ = {isa = PBXFileReference; lastKnownFileType = sourcecode.swift; path = AppDelegate.swift; sourceTree = "<group>"; };
		07FBEA691F531DDE004EDDE2 /* ViewController.swift */ = {isa = PBXFileReference; lastKnownFileType = sourcecode.swift; path = ViewController.swift; sourceTree = "<group>"; };
		07FBEA6C1F531DDE004EDDE2 /* Base */ = {isa = PBXFileReference; lastKnownFileType = file.storyboard; name = Base; path = Base.lproj/Main.storyboard; sourceTree = "<group>"; };
		07FBEA6E1F531DDE004EDDE2 /* Assets.xcassets */ = {isa = PBXFileReference; lastKnownFileType = folder.assetcatalog; path = Assets.xcassets; sourceTree = "<group>"; };
		07FBEA711F531DDE004EDDE2 /* Base */ = {isa = PBXFileReference; lastKnownFileType = file.storyboard; name = Base; path = Base.lproj/LaunchScreen.storyboard; sourceTree = "<group>"; };
		07FBEA731F531DDE004EDDE2 /* Info.plist */ = {isa = PBXFileReference; lastKnownFileType = text.plist.xml; path = Info.plist; sourceTree = "<group>"; };
/* End PBXFileReference section */

/* Begin PBXFrameworksBuildPhase section */
		07FBEA611F531DDE004EDDE2 /* Frameworks */ = {
			isa = PBXFrameworksBuildPhase;
			buildActionMask = 2147483647;
			files = (
			);
			runOnlyForDeploymentPostprocessing = 0;
		};
/* End PBXFrameworksBuildPhase section */

/* Begin PBXGroup section */
		07FBEA5B1F531DDE004EDDE2 = {
			isa = PBXGroup;
			children = (
				07FBEA661F531DDE004EDDE2 /* Mac Bul! */,
				07FBEA651F531DDE004EDDE2 /* Products */,
			);
			sourceTree = "<group>";
		};
		07FBEA651F531DDE004EDDE2 /* Products */ = {
			isa = PBXGroup;
			children = (
				07FBEA641F531DDE004EDDE2 /* Mac Bul!.app */,
			);
			name = Products;
			sourceTree = "<group>";
		};
		07FBEA661F531DDE004EDDE2 /* Mac Bul! */ = {
			isa = PBXGroup;
			children = (
				07FBEA671F531DDE004EDDE2 /* AppDelegate.swift */,
				07FBEA691F531DDE004EDDE2 /* ViewController.swift */,
				07FBEA6B1F531DDE004EDDE2 /* Main.storyboard */,
				07FBEA6E1F531DDE004EDDE2 /* Assets.xcassets */,
				07FBEA701F531DDE004EDDE2 /* LaunchScreen.storyboard */,
				07FBEA731F531DDE004EDDE2 /* Info.plist */,
			);
			path = "Mac Bul!";
			sourceTree = "<group>";
		};
/* End PBXGroup section */

/* Begin PBXNativeTarget section */
		07FBEA631F531DDE004EDDE2 /* Mac Bul! */ = {
			isa = PBXNativeTarget;
			buildConfigurationList = 07FBEA761F531DDE004EDDE2 /* Build configuration list for PBXNativeTarget "Mac Bul!" */;
			buildPhases = (
				07FBEA601F531DDE004EDDE2 /* Sources */,
				07FBEA611F531DDE004EDDE2 /* Frameworks */,
				07FBEA621F531DDE004EDDE2 /* Resources */,
			);
			buildRules = (
			);
			dependencies = (
			);
			name = "Mac Bul!";
			productName = "Mac Bul!";
			productReference = 07FBEA641F531DDE004EDDE2 /* Mac Bul!.app */;
			productType = "com.apple.product-type.application";
		};
/* End PBXNativeTarget section */

/* Begin PBXProject section */
		07FBEA5C1F531DDE004EDDE2 /* Project object */ = {
			isa = PBXProject;
			attributes = {
				LastSwiftUpdateCheck = 0830;
				LastUpgradeCheck = 0830;
				ORGANIZATIONNAME = MurathanBagdat;
				TargetAttributes = {
					07FBEA631F531DDE004EDDE2 = {
						CreatedOnToolsVersion = 8.3.3;
						ProvisioningStyle = Automatic;
					};
				};
			};
			buildConfigurationList = 07FBEA5F1F531DDE004EDDE2 /* Build configuration list for PBXProject "Mac Bul!" */;
			compatibilityVersion = "Xcode 3.2";
			developmentRegion = English;
			hasScannedForEncodings = 0;
			knownRegions = (
				en,
				Base,
			);
			mainGroup = 07FBEA5B1F531DDE004EDDE2;
			productRefGroup = 07FBEA651F531DDE004EDDE2 /* Products */;
			projectDirPath = "";
			projectRoot = "";
			targets = (
				07FBEA631F531DDE004EDDE2 /* Mac Bul! */,
			);
		};
/* End PBXProject section */

/* Begin PBXResourcesBuildPhase section */
		07FBEA621F531DDE004EDDE2 /* Resources */ = {
			isa = PBXResourcesBuildPhase;
			buildActionMask = 2147483647;
			files = (
				07FBEA721F531DDE004EDDE2 /* LaunchScreen.storyboard in Resources */,
				07FBEA6F1F531DDE004EDDE2 /* Assets.xcassets in Resources */,
				07FBEA6D1F531DDE004EDDE2 /* Main.storyboard in Resources */,
			);
			runOnlyForDeploymentPostprocessing = 0;
		};
/* End PBXResourcesBuildPhase section */

/* Begin PBXSourcesBuildPhase section */
		07FBEA601F531DDE004EDDE2 /* Sources */ = {
			isa = PBXSourcesBuildPhase;
			buildActionMask = 2147483647;
			files = (
				07FBEA6A1F531DDE004EDDE2 /* ViewController.swift in Sources */,
				07FBEA681F531DDE004EDDE2 /* AppDelegate.swift in Sources */,
			);
			runOnlyForDeploymentPostprocessing = 0;
		};
/* End PBXSourcesBuildPhase section */

/* Begin PBXVariantGroup section */
		07FBEA6B1F531DDE004EDDE2 /* Main.storyboard */ = {
			isa = PBXVariantGroup;
			children = (
				07FBEA6C1F531DDE004EDDE2 /* Base */,
			);
			name = Main.storyboard;
			sourceTree = "<group>";
		};
		07FBEA701F531DDE004EDDE2 /* LaunchScreen.storyboard */ = {
			isa = PBXVariantGroup;
			children = (
				07FBEA711F531DDE004EDDE2 /* Base */,
			);
			name = LaunchScreen.storyboard;
			sourceTree = "<group>";
		};
/* End PBXVariantGroup section */

/* Begin XCBuildConfiguration section */
		07FBEA741F531DDE004EDDE2 /* Debug */ = {
			isa = XCBuildConfiguration;
			buildSettings = {
				ALWAYS_SEARCH_USER_PATHS = NO;
				CLANG_ANALYZER_NONNULL = YES;
				CLANG_ANALYZER_NUMBER_OBJECT_CONVERSION = YES_AGGRESSIVE;
				CLANG_CXX_LANGUAGE_STANDARD = "gnu++0x";
				CLANG_CXX_LIBRARY = "libc++";
				CLANG_ENABLE_MODULES = YES;
				CLANG_ENABLE_OBJC_ARC = YES;
				CLANG_WARN_BOOL_CONVERSION = YES;
				CLANG_WARN_CONSTANT_CONVERSION = YES;
				CLANG_WARN_DIRECT_OBJC_ISA_USAGE = YES_ERROR;
				CLANG_WARN_DOCUMENTATION_COMMENTS = YES;
				CLANG_WARN_EMPTY_BODY = YES;
				CLANG_WARN_ENUM_CONVERSION = YES;
				CLANG_WARN_INFINITE_RECURSION = YES;
				CLANG_WARN_INT_CONVERSION = YES;
				CLANG_WARN_OBJC_ROOT_CLASS = YES_ERROR;
				CLANG_WARN_SUSPICIOUS_MOVE = YES;
				CLANG_WARN_UNREACHABLE_CODE = YES;
				CLANG_WARN__DUPLICATE_METHOD_MATCH = YES;
				"CODE_SIGN_IDENTITY[sdk=iphoneos*]" = "iPhone Developer";
				COPY_PHASE_STRIP = NO;
				DEBUG_INFORMATION_FORMAT = dwarf;
				ENABLE_STRICT_OBJC_MSGSEND = YES;
				ENABLE_TESTABILITY = YES;
				GCC_C_LANGUAGE_STANDARD = gnu99;
				GCC_DYNAMIC_NO_PIC = NO;
				GCC_NO_COMMON_BLOCKS = YES;
				GCC_OPTIMIZATION_LEVEL = 0;
				GCC_PREPROCESSOR_DEFINITIONS = (
					"DEBUG=1",
					"$(inherited)",
				);
				GCC_WARN_64_TO_32_BIT_CONVERSION = YES;
				GCC_WARN_ABOUT_RETURN_TYPE = YES_ERROR;
				GCC_WARN_UNDECLARED_SELECTOR = YES;
				GCC_WARN_UNINITIALIZED_AUTOS = YES_AGGRESSIVE;
				GCC_WARN_UNUSED_FUNCTION = YES;
				GCC_WARN_UNUSED_VARIABLE = YES;
				IPHONEOS_DEPLOYMENT_TARGET = 10.3;
				MTL_ENABLE_DEBUG_INFO = YES;
				ONLY_ACTIVE_ARCH = YES;
				SDKROOT = iphoneos;
				SWIFT_ACTIVE_COMPILATION_CONDITIONS = DEBUG;
				SWIFT_OPTIMIZATION_LEVEL = "-Onone";
				TARGETED_DEVICE_FAMILY = "1,2";
			};
			name = Debug;
		};
		07FBEA751F531DDE004EDDE2 /* Release */ = {
			isa = XCBuildConfiguration;
			buildSettings = {
				ALWAYS_SEARCH_USER_PATHS = NO;
				CLANG_ANALYZER_NONNULL = YES;
				CLANG_ANALYZER_NUMBER_OBJECT_CONVERSION = YES_AGGRESSIVE;
				CLANG_CXX_LANGUAGE_STANDARD = "gnu++0x";
				CLANG_CXX_LIBRARY = "libc++";
				CLANG_ENABLE_MODULES = YES;
				CLANG_ENABLE_OBJC_ARC = YES;
				CLANG_WARN_BOOL_CONVERSION = YES;
				CLANG_WARN_CONSTANT_CONVERSION = YES;
				CLANG_WARN_DIRECT_OBJC_ISA_USAGE = YES_ERROR;
				CLANG_WARN_DOCUMENTATION_COMMENTS = YES;
				CLANG_WARN_EMPTY_BODY = YES;
				CLANG_WARN_ENUM_CONVERSION = YES;
				CLANG_WARN_INFINITE_RECURSION = YES;
				CLANG_WARN_INT_CONVERSION = YES;
				CLANG_WARN_OBJC_ROOT_CLASS = YES_ERROR;
				CLANG_WARN_SUSPICIOUS_MOVE = YES;
				CLANG_WARN_UNREACHABLE_CODE = YES;
				CLANG_WARN__DUPLICATE_METHOD_MATCH = YES;
				"CODE_SIGN_IDENTITY[sdk=iphoneos*]" = "iPhone Developer";
				COPY_PHASE_STRIP = NO;
				DEBUG_INFORMATION_FORMAT = "dwarf-with-dsym";
				ENABLE_NS_ASSERTIONS = NO;
				ENABLE_STRICT_OBJC_MSGSEND = YES;
				GCC_C_LANGUAGE_STANDARD = gnu99;
				GCC_NO_COMMON_BLOCKS = YES;
				GCC_WARN_64_TO_32_BIT_CONVERSION = YES;
				GCC_WARN_ABOUT_RETURN_TYPE = YES_ERROR;
				GCC_WARN_UNDECLARED_SELECTOR = YES;
				GCC_WARN_UNINITIALIZED_AUTOS = YES_AGGRESSIVE;
				GCC_WARN_UNUSED_FUNCTION = YES;
				GCC_WARN_UNUSED_VARIABLE = YES;
				IPHONEOS_DEPLOYMENT_TARGET = 10.3;
				MTL_ENABLE_DEBUG_INFO = NO;
				SDKROOT = iphoneos;
				SWIFT_OPTIMIZATION_LEVEL = "-Owholemodule";
				TARGETED_DEVICE_FAMILY = "1,2";
				VALIDATE_PRODUCT = YES;
			};
			name = Release;
		};
		07FBEA771F531DDE004EDDE2 /* Debug */ = {
			isa = XCBuildConfiguration;
			buildSettings = {
				ASSETCATALOG_COMPILER_APPICON_NAME = AppIcon;
				INFOPLIST_FILE = "Mac Bul!/Info.plist";
				LD_RUNPATH_SEARCH_PATHS = "$(inherited) @executable_path/Frameworks";
				PRODUCT_BUNDLE_IDENTIFIER = "com.bagdatmurathan.Mac-Bul-";
				PRODUCT_NAME = "$(TARGET_NAME)";
				SWIFT_VERSION = 3.0;
			};
			name = Debug;
		};
		07FBEA781F531DDE004EDDE2 /* Release */ = {
			isa = XCBuildConfiguration;
			buildSettings = {
				ASSETCATALOG_COMPILER_APPICON_NAME = AppIcon;
				INFOPLIST_FILE = "Mac Bul!/Info.plist";
				LD_RUNPATH_SEARCH_PATHS = "$(inherited) @executable_path/Frameworks";
				PRODUCT_BUNDLE_IDENTIFIER = "com.bagdatmurathan.Mac-Bul-";
				PRODUCT_NAME = "$(TARGET_NAME)";
				SWIFT_VERSION = 3.0;
			};
			name = Release;
		};
/* End XCBuildConfiguration section */

/* Begin XCConfigurationList section */
		07FBEA5F1F531DDE004EDDE2 /* Build configuration list for PBXProject "Mac Bul!" */ = {
			isa = XCConfigurationList;
			buildConfigurations = (
				07FBEA741F531DDE004EDDE2 /* Debug */,
				07FBEA751F531DDE004EDDE2 /* Release */,
			);
			defaultConfigurationIsVisible = 0;
			defaultConfigurationName = Release;
		};
		07FBEA761F531DDE004EDDE2 /* Build configuration list for PBXNativeTarget "Mac Bul!" */ = {
			isa = XCConfigurationList;
			buildConfigurations = (
				07FBEA771F531DDE004EDDE2 /* Debug */,
				07FBEA781F531DDE004EDDE2 /* Release */,
			);
			defaultConfigurationIsVisible = 0;
		};
/* End XCConfigurationList section */
	};
	rootObject = 07FBEA5C1F531DDE004EDDE2 /* Project object */;
}
