// !$*UTF8*$!
{
	archiveVersion = 1;
	classes = {
	};
	objectVersion = 46;
	objects = {

/* Begin PBXBuildFile section */
		0703F5C01F58E6A300A9BC34 /* MapVC.swift in Sources */ = {isa = PBXBuildFile; fileRef = 0703F5BF1F58E6A300A9BC34 /* MapVC.swift */; };
		071580141F59F99500D4F42E /* RegistrationTextField.swift in Sources */ = {isa = PBXBuildFile; fileRef = 071580131F59F99500D4F42E /* RegistrationTextField.swift */; };
		071580161F5A043400D4F42E /* TakımKurmaVC.swift in Sources */ = {isa = PBXBuildFile; fileRef = 071580151F5A043400D4F42E /* TakımKurmaVC.swift */; };
		071D393E1F55AF850074CF1F /* TeamChatVC.swift in Sources */ = {isa = PBXBuildFile; fileRef = 071D393D1F55AF850074CF1F /* TeamChatVC.swift */; };
		071D39401F55C7CB0074CF1F /* TeamChatCell.swift in Sources */ = {isa = PBXBuildFile; fileRef = 071D393F1F55C7CB0074CF1F /* TeamChatCell.swift */; };
		071D39421F55C9580074CF1F /* BasketballTeamMessage.swift in Sources */ = {isa = PBXBuildFile; fileRef = 071D39411F55C9580074CF1F /* BasketballTeamMessage.swift */; };
		07294EAA1F5738F6004F20D2 /* TeamProfileVCForPublic.swift in Sources */ = {isa = PBXBuildFile; fileRef = 07294EA91F5738F6004F20D2 /* TeamProfileVCForPublic.swift */; };
		0737E1AB1F5A2B6A006EA3A5 /* pinWithImage.swift in Sources */ = {isa = PBXBuildFile; fileRef = 0737E1AA1F5A2B6A006EA3A5 /* pinWithImage.swift */; };
		074003FB1F59B9DC00328DEF /* CustomPin.swift in Sources */ = {isa = PBXBuildFile; fileRef = 074003FA1F59B9DC00328DEF /* CustomPin.swift */; };
		074784491F5D91E400593650 /* ImageViewWithShadow.swift in Sources */ = {isa = PBXBuildFile; fileRef = 074784481F5D91E400593650 /* ImageViewWithShadow.swift */; };
		074F04EC1F5758C700B4B98A /* TeamProfileEditingVC.swift in Sources */ = {isa = PBXBuildFile; fileRef = 074F04EB1F5758C700B4B98A /* TeamProfileEditingVC.swift */; };
		074F04F31F575C2F00B4B98A /* EditingTextField.swift in Sources */ = {isa = PBXBuildFile; fileRef = 074F04F21F575C2F00B4B98A /* EditingTextField.swift */; };
		074F04F51F5768C600B4B98A /* CustomDatePicker.swift in Sources */ = {isa = PBXBuildFile; fileRef = 074F04F41F5768C600B4B98A /* CustomDatePicker.swift */; };
		074F04F71F578D5900B4B98A /* UserdataService.swift in Sources */ = {isa = PBXBuildFile; fileRef = 074F04F61F578D5900B4B98A /* UserdataService.swift */; };
		074F04FA1F57917E00B4B98A /* TransitionExt.swift in Sources */ = {isa = PBXBuildFile; fileRef = 074F04F91F57917E00B4B98A /* TransitionExt.swift */; };
		075668A91F60DA3D00DED301 /* ViewWithShadow.swift in Sources */ = {isa = PBXBuildFile; fileRef = 075668A81F60DA3D00DED301 /* ViewWithShadow.swift */; };
		075668AB1F60E6CD00DED301 /* TextFieldWithRoundedBorder.swift in Sources */ = {isa = PBXBuildFile; fileRef = 075668AA1F60E6CD00DED301 /* TextFieldWithRoundedBorder.swift */; };
		0759AABD1F5EE22F00697D0E /* TakimKurmaVCExt.swift in Sources */ = {isa = PBXBuildFile; fileRef = 0759AABC1F5EE22F00697D0E /* TakimKurmaVCExt.swift */; };
		07609D581F54639E003D6358 /* EslesmeArayanTakimCell.swift in Sources */ = {isa = PBXBuildFile; fileRef = 07609D571F54639E003D6358 /* EslesmeArayanTakimCell.swift */; };
		07609D5A1F5467BD003D6358 /* BasketballTeam.swift in Sources */ = {isa = PBXBuildFile; fileRef = 07609D591F5467BD003D6358 /* BasketballTeam.swift */; };
		07609D5C1F5474F3003D6358 /* CustomSlider.swift in Sources */ = {isa = PBXBuildFile; fileRef = 07609D5B1F5474F3003D6358 /* CustomSlider.swift */; };
		07609D5E1F547F99003D6358 /* Media.xcassets in Resources */ = {isa = PBXBuildFile; fileRef = 07609D5D1F547F99003D6358 /* Media.xcassets */; };
		07609D601F54EBE3003D6358 /* TableViewController.swift in Sources */ = {isa = PBXBuildFile; fileRef = 07609D5F1F54EBE3003D6358 /* TableViewController.swift */; };
		07609D621F54F959003D6358 /* SearchTextField.swift in Sources */ = {isa = PBXBuildFile; fileRef = 07609D611F54F959003D6358 /* SearchTextField.swift */; };
		0781D5951F5C436F0017A040 /* RoundedViewWithSHADOW.swift in Sources */ = {isa = PBXBuildFile; fileRef = 0781D5941F5C436F0017A040 /* RoundedViewWithSHADOW.swift */; };
		0785ECA31F5619D400B21812 /* RoundedImage.swift in Sources */ = {isa = PBXBuildFile; fileRef = 0785ECA21F5619D400B21812 /* RoundedImage.swift */; };
		0785ECA61F5623AB00B21812 /* AvatarPickerVC.swift in Sources */ = {isa = PBXBuildFile; fileRef = 0785ECA41F5623AA00B21812 /* AvatarPickerVC.swift */; };
		0785ECAA1F56295900B21812 /* AvatarPickerCell.swift in Sources */ = {isa = PBXBuildFile; fileRef = 0785ECA91F56295900B21812 /* AvatarPickerCell.swift */; };
		0785ECAC1F562C0A00B21812 /* ImageViewWithCornerRadius.swift in Sources */ = {isa = PBXBuildFile; fileRef = 0785ECAB1F562C0A00B21812 /* ImageViewWithCornerRadius.swift */; };
		0786A8EF1F5F7676007BBBC9 /* GradientView.swift in Sources */ = {isa = PBXBuildFile; fileRef = 0786A8EE1F5F7676007BBBC9 /* GradientView.swift */; };
		078FE8921F535D330036D722 /* BasketballMainVC.swift in Sources */ = {isa = PBXBuildFile; fileRef = 078FE8911F535D330036D722 /* BasketballMainVC.swift */; };
		07A4109B1F5604430043A1D3 /* BorderViewWithCornerRadius.swift in Sources */ = {isa = PBXBuildFile; fileRef = 07A4109A1F5604430043A1D3 /* BorderViewWithCornerRadius.swift */; };
		07C56C701F536F15001D1E88 /* ViewWithWhiteBorder.swift in Sources */ = {isa = PBXBuildFile; fileRef = 07C56C6F1F536F15001D1E88 /* ViewWithWhiteBorder.swift */; };
		07C56C721F53788F001D1E88 /* onboardingVC.swift in Sources */ = {isa = PBXBuildFile; fileRef = 07C56C711F53788F001D1E88 /* onboardingVC.swift */; };
		07FABD031F54610B00B279AA /* EslesmeArayanTakımlarVC.swift in Sources */ = {isa = PBXBuildFile; fileRef = 07FABD021F54610B00B279AA /* EslesmeArayanTakımlarVC.swift */; };
		07FBEA681F531DDE004EDDE2 /* AppDelegate.swift in Sources */ = {isa = PBXBuildFile; fileRef = 07FBEA671F531DDE004EDDE2 /* AppDelegate.swift */; };
		07FBEA6D1F531DDE004EDDE2 /* Main.storyboard in Resources */ = {isa = PBXBuildFile; fileRef = 07FBEA6B1F531DDE004EDDE2 /* Main.storyboard */; };
		07FBEA721F531DDE004EDDE2 /* LaunchScreen.storyboard in Resources */ = {isa = PBXBuildFile; fileRef = 07FBEA701F531DDE004EDDE2 /* LaunchScreen.storyboard */; };
		07FBEA7A1F531E04004EDDE2 /* GoogleService-Info.plist in Resources */ = {isa = PBXBuildFile; fileRef = 07FBEA791F531E04004EDDE2 /* GoogleService-Info.plist */; };
		07FBEA801F53346A004EDDE2 /* RoundedView.swift in Sources */ = {isa = PBXBuildFile; fileRef = 07FBEA7F1F53346A004EDDE2 /* RoundedView.swift */; };
		07FBEA861F533550004EDDE2 /* TextFieldWithInsets.swift in Sources */ = {isa = PBXBuildFile; fileRef = 07FBEA851F533550004EDDE2 /* TextFieldWithInsets.swift */; };
		07FBEA8B1F533C36004EDDE2 /* HesabaGirVC.swift in Sources */ = {isa = PBXBuildFile; fileRef = 07FBEA8A1F533C36004EDDE2 /* HesabaGirVC.swift */; };
		07FBEA8D1F533C9A004EDDE2 /* HesapOlusturVC.swift in Sources */ = {isa = PBXBuildFile; fileRef = 07FBEA8C1F533C9A004EDDE2 /* HesapOlusturVC.swift */; };
		07FBEA911F534073004EDDE2 /* AuthService.swift in Sources */ = {isa = PBXBuildFile; fileRef = 07FBEA901F534073004EDDE2 /* AuthService.swift */; };
		07FBEA931F534083004EDDE2 /* DatabaseService.swift in Sources */ = {isa = PBXBuildFile; fileRef = 07FBEA921F534083004EDDE2 /* DatabaseService.swift */; };
		07FBEA971F534A16004EDDE2 /* SecimVC.swift in Sources */ = {isa = PBXBuildFile; fileRef = 07FBEA961F534A16004EDDE2 /* SecimVC.swift */; };
		07FBEA991F535439004EDDE2 /* WhiteBorderButton.swift in Sources */ = {isa = PBXBuildFile; fileRef = 07FBEA981F535439004EDDE2 /* WhiteBorderButton.swift */; };
		97A97ED90449084AEE60666E /* Pods_Mac_Bul_.framework in Frameworks */ = {isa = PBXBuildFile; fileRef = 77C6734B5A465FB4234E417E /* Pods_Mac_Bul_.framework */; };
/* End PBXBuildFile section */

/* Begin PBXFileReference section */
		0703F5BF1F58E6A300A9BC34 /* MapVC.swift */ = {isa = PBXFileReference; fileEncoding = 4; lastKnownFileType = sourcecode.swift; path = MapVC.swift; sourceTree = "<group>"; };
		071580131F59F99500D4F42E /* RegistrationTextField.swift */ = {isa = PBXFileReference; fileEncoding = 4; lastKnownFileType = sourcecode.swift; path = RegistrationTextField.swift; sourceTree = "<group>"; };
		071580151F5A043400D4F42E /* TakımKurmaVC.swift */ = {isa = PBXFileReference; fileEncoding = 4; lastKnownFileType = sourcecode.swift; path = "TakımKurmaVC.swift"; sourceTree = "<group>"; };
		071D393D1F55AF850074CF1F /* TeamChatVC.swift */ = {isa = PBXFileReference; fileEncoding = 4; lastKnownFileType = sourcecode.swift; path = TeamChatVC.swift; sourceTree = "<group>"; };
		071D393F1F55C7CB0074CF1F /* TeamChatCell.swift */ = {isa = PBXFileReference; fileEncoding = 4; lastKnownFileType = sourcecode.swift; path = TeamChatCell.swift; sourceTree = "<group>"; };
		071D39411F55C9580074CF1F /* BasketballTeamMessage.swift */ = {isa = PBXFileReference; fileEncoding = 4; lastKnownFileType = sourcecode.swift; path = BasketballTeamMessage.swift; sourceTree = "<group>"; };
		07294EA91F5738F6004F20D2 /* TeamProfileVCForPublic.swift */ = {isa = PBXFileReference; fileEncoding = 4; lastKnownFileType = sourcecode.swift; path = TeamProfileVCForPublic.swift; sourceTree = "<group>"; };
		0737E1AA1F5A2B6A006EA3A5 /* pinWithImage.swift */ = {isa = PBXFileReference; fileEncoding = 4; lastKnownFileType = sourcecode.swift; path = pinWithImage.swift; sourceTree = "<group>"; };
		074003FA1F59B9DC00328DEF /* CustomPin.swift */ = {isa = PBXFileReference; fileEncoding = 4; lastKnownFileType = sourcecode.swift; path = CustomPin.swift; sourceTree = "<group>"; };
		074784481F5D91E400593650 /* ImageViewWithShadow.swift */ = {isa = PBXFileReference; fileEncoding = 4; lastKnownFileType = sourcecode.swift; path = ImageViewWithShadow.swift; sourceTree = "<group>"; };
		074F04EB1F5758C700B4B98A /* TeamProfileEditingVC.swift */ = {isa = PBXFileReference; fileEncoding = 4; lastKnownFileType = sourcecode.swift; path = TeamProfileEditingVC.swift; sourceTree = "<group>"; };
		074F04F21F575C2F00B4B98A /* EditingTextField.swift */ = {isa = PBXFileReference; fileEncoding = 4; lastKnownFileType = sourcecode.swift; path = EditingTextField.swift; sourceTree = "<group>"; };
		074F04F41F5768C600B4B98A /* CustomDatePicker.swift */ = {isa = PBXFileReference; fileEncoding = 4; lastKnownFileType = sourcecode.swift; path = CustomDatePicker.swift; sourceTree = "<group>"; };
		074F04F61F578D5900B4B98A /* UserdataService.swift */ = {isa = PBXFileReference; fileEncoding = 4; lastKnownFileType = sourcecode.swift; path = UserdataService.swift; sourceTree = "<group>"; };
		074F04F91F57917E00B4B98A /* TransitionExt.swift */ = {isa = PBXFileReference; fileEncoding = 4; lastKnownFileType = sourcecode.swift; path = TransitionExt.swift; sourceTree = "<group>"; };
		075668A81F60DA3D00DED301 /* ViewWithShadow.swift */ = {isa = PBXFileReference; fileEncoding = 4; lastKnownFileType = sourcecode.swift; path = ViewWithShadow.swift; sourceTree = "<group>"; };
		075668AA1F60E6CD00DED301 /* TextFieldWithRoundedBorder.swift */ = {isa = PBXFileReference; fileEncoding = 4; lastKnownFileType = sourcecode.swift; path = TextFieldWithRoundedBorder.swift; sourceTree = "<group>"; };
		0759AABC1F5EE22F00697D0E /* TakimKurmaVCExt.swift */ = {isa = PBXFileReference; fileEncoding = 4; lastKnownFileType = sourcecode.swift; path = TakimKurmaVCExt.swift; sourceTree = "<group>"; };
		07609D571F54639E003D6358 /* EslesmeArayanTakimCell.swift */ = {isa = PBXFileReference; fileEncoding = 4; lastKnownFileType = sourcecode.swift; path = EslesmeArayanTakimCell.swift; sourceTree = "<group>"; };
		07609D591F5467BD003D6358 /* BasketballTeam.swift */ = {isa = PBXFileReference; fileEncoding = 4; lastKnownFileType = sourcecode.swift; path = BasketballTeam.swift; sourceTree = "<group>"; };
		07609D5B1F5474F3003D6358 /* CustomSlider.swift */ = {isa = PBXFileReference; fileEncoding = 4; lastKnownFileType = sourcecode.swift; path = CustomSlider.swift; sourceTree = "<group>"; };
		07609D5D1F547F99003D6358 /* Media.xcassets */ = {isa = PBXFileReference; lastKnownFileType = folder.assetcatalog; path = Media.xcassets; sourceTree = "<group>"; };
		07609D5F1F54EBE3003D6358 /* TableViewController.swift */ = {isa = PBXFileReference; fileEncoding = 4; lastKnownFileType = sourcecode.swift; path = TableViewController.swift; sourceTree = "<group>"; };
		07609D611F54F959003D6358 /* SearchTextField.swift */ = {isa = PBXFileReference; fileEncoding = 4; lastKnownFileType = sourcecode.swift; path = SearchTextField.swift; sourceTree = "<group>"; };
		0781D5941F5C436F0017A040 /* RoundedViewWithSHADOW.swift */ = {isa = PBXFileReference; fileEncoding = 4; lastKnownFileType = sourcecode.swift; path = RoundedViewWithSHADOW.swift; sourceTree = "<group>"; };
		0785ECA21F5619D400B21812 /* RoundedImage.swift */ = {isa = PBXFileReference; fileEncoding = 4; lastKnownFileType = sourcecode.swift; path = RoundedImage.swift; sourceTree = "<group>"; };
		0785ECA41F5623AA00B21812 /* AvatarPickerVC.swift */ = {isa = PBXFileReference; fileEncoding = 4; lastKnownFileType = sourcecode.swift; path = AvatarPickerVC.swift; sourceTree = "<group>"; };
		0785ECA91F56295900B21812 /* AvatarPickerCell.swift */ = {isa = PBXFileReference; fileEncoding = 4; lastKnownFileType = sourcecode.swift; path = AvatarPickerCell.swift; sourceTree = "<group>"; };
		0785ECAB1F562C0A00B21812 /* ImageViewWithCornerRadius.swift */ = {isa = PBXFileReference; fileEncoding = 4; lastKnownFileType = sourcecode.swift; path = ImageViewWithCornerRadius.swift; sourceTree = "<group>"; };
		0786A8EE1F5F7676007BBBC9 /* GradientView.swift */ = {isa = PBXFileReference; fileEncoding = 4; lastKnownFileType = sourcecode.swift; path = GradientView.swift; sourceTree = "<group>"; };
		078FE8911F535D330036D722 /* BasketballMainVC.swift */ = {isa = PBXFileReference; fileEncoding = 4; lastKnownFileType = sourcecode.swift; path = BasketballMainVC.swift; sourceTree = "<group>"; };
		07A4109A1F5604430043A1D3 /* BorderViewWithCornerRadius.swift */ = {isa = PBXFileReference; fileEncoding = 4; lastKnownFileType = sourcecode.swift; path = BorderViewWithCornerRadius.swift; sourceTree = "<group>"; };
		07C56C6F1F536F15001D1E88 /* ViewWithWhiteBorder.swift */ = {isa = PBXFileReference; fileEncoding = 4; lastKnownFileType = sourcecode.swift; name = ViewWithWhiteBorder.swift; path = "Mac Bul!/ViewWithWhiteBorder.swift"; sourceTree = "<group>"; };
		07C56C711F53788F001D1E88 /* onboardingVC.swift */ = {isa = PBXFileReference; fileEncoding = 4; lastKnownFileType = sourcecode.swift; path = onboardingVC.swift; sourceTree = "<group>"; };
		07FABD021F54610B00B279AA /* EslesmeArayanTakımlarVC.swift */ = {isa = PBXFileReference; fileEncoding = 4; lastKnownFileType = sourcecode.swift; path = "EslesmeArayanTakımlarVC.swift"; sourceTree = "<group>"; };
		07FBEA641F531DDE004EDDE2 /* Mac Bul!.app */ = {isa = PBXFileReference; explicitFileType = wrapper.application; includeInIndex = 0; path = "Mac Bul!.app"; sourceTree = BUILT_PRODUCTS_DIR; };
		07FBEA671F531DDE004EDDE2 /* AppDelegate.swift */ = {isa = PBXFileReference; lastKnownFileType = sourcecode.swift; path = AppDelegate.swift; sourceTree = "<group>"; };
		07FBEA6C1F531DDE004EDDE2 /* Base */ = {isa = PBXFileReference; lastKnownFileType = file.storyboard; name = Base; path = Base.lproj/Main.storyboard; sourceTree = "<group>"; };
		07FBEA711F531DDE004EDDE2 /* Base */ = {isa = PBXFileReference; lastKnownFileType = file.storyboard; name = Base; path = Base.lproj/LaunchScreen.storyboard; sourceTree = "<group>"; };
		07FBEA731F531DDE004EDDE2 /* Info.plist */ = {isa = PBXFileReference; lastKnownFileType = text.plist.xml; path = Info.plist; sourceTree = "<group>"; };
		07FBEA791F531E04004EDDE2 /* GoogleService-Info.plist */ = {isa = PBXFileReference; fileEncoding = 4; lastKnownFileType = text.plist.xml; path = "GoogleService-Info.plist"; sourceTree = "<group>"; };
		07FBEA7F1F53346A004EDDE2 /* RoundedView.swift */ = {isa = PBXFileReference; fileEncoding = 4; lastKnownFileType = sourcecode.swift; name = RoundedView.swift; path = "Mac Bul!/RoundedView.swift"; sourceTree = "<group>"; };
		07FBEA851F533550004EDDE2 /* TextFieldWithInsets.swift */ = {isa = PBXFileReference; fileEncoding = 4; lastKnownFileType = sourcecode.swift; name = TextFieldWithInsets.swift; path = "Mac Bul!/TextFieldWithInsets.swift"; sourceTree = "<group>"; };
		07FBEA8A1F533C36004EDDE2 /* HesabaGirVC.swift */ = {isa = PBXFileReference; fileEncoding = 4; lastKnownFileType = sourcecode.swift; path = HesabaGirVC.swift; sourceTree = "<group>"; };
		07FBEA8C1F533C9A004EDDE2 /* HesapOlusturVC.swift */ = {isa = PBXFileReference; fileEncoding = 4; lastKnownFileType = sourcecode.swift; path = HesapOlusturVC.swift; sourceTree = "<group>"; };
		07FBEA901F534073004EDDE2 /* AuthService.swift */ = {isa = PBXFileReference; fileEncoding = 4; lastKnownFileType = sourcecode.swift; path = AuthService.swift; sourceTree = "<group>"; };
		07FBEA921F534083004EDDE2 /* DatabaseService.swift */ = {isa = PBXFileReference; fileEncoding = 4; lastKnownFileType = sourcecode.swift; path = DatabaseService.swift; sourceTree = "<group>"; };
		07FBEA961F534A16004EDDE2 /* SecimVC.swift */ = {isa = PBXFileReference; fileEncoding = 4; lastKnownFileType = sourcecode.swift; path = SecimVC.swift; sourceTree = "<group>"; };
		07FBEA981F535439004EDDE2 /* WhiteBorderButton.swift */ = {isa = PBXFileReference; fileEncoding = 4; lastKnownFileType = sourcecode.swift; name = WhiteBorderButton.swift; path = "Mac Bul!/WhiteBorderButton.swift"; sourceTree = "<group>"; };
		2A6D7E5DA27DD05E016F1EC7 /* Pods-Mac Bul!.release.xcconfig */ = {isa = PBXFileReference; includeInIndex = 1; lastKnownFileType = text.xcconfig; name = "Pods-Mac Bul!.release.xcconfig"; path = "Pods/Target Support Files/Pods-Mac Bul!/Pods-Mac Bul!.release.xcconfig"; sourceTree = "<group>"; };
		77C6734B5A465FB4234E417E /* Pods_Mac_Bul_.framework */ = {isa = PBXFileReference; explicitFileType = wrapper.framework; includeInIndex = 0; path = Pods_Mac_Bul_.framework; sourceTree = BUILT_PRODUCTS_DIR; };
		AF8DFFC7274401F375F924F5 /* Pods-Mac Bul!.debug.xcconfig */ = {isa = PBXFileReference; includeInIndex = 1; lastKnownFileType = text.xcconfig; name = "Pods-Mac Bul!.debug.xcconfig"; path = "Pods/Target Support Files/Pods-Mac Bul!/Pods-Mac Bul!.debug.xcconfig"; sourceTree = "<group>"; };
/* End PBXFileReference section */

/* Begin PBXFrameworksBuildPhase section */
		07FBEA611F531DDE004EDDE2 /* Frameworks */ = {
			isa = PBXFrameworksBuildPhase;
			buildActionMask = 2147483647;
			files = (
				97A97ED90449084AEE60666E /* Pods_Mac_Bul_.framework in Frameworks */,
			);
			runOnlyForDeploymentPostprocessing = 0;
		};
/* End PBXFrameworksBuildPhase section */

/* Begin PBXGroup section */
		074F04ED1F575AD300B4B98A /* View */ = {
			isa = PBXGroup;
			children = (
				07A4109A1F5604430043A1D3 /* BorderViewWithCornerRadius.swift */,
				07FBEA7F1F53346A004EDDE2 /* RoundedView.swift */,
				07C56C6F1F536F15001D1E88 /* ViewWithWhiteBorder.swift */,
				0781D5941F5C436F0017A040 /* RoundedViewWithSHADOW.swift */,
				075668A81F60DA3D00DED301 /* ViewWithShadow.swift */,
			);
			name = View;
			sourceTree = "<group>";
		};
		074F04EE1F575AE600B4B98A /* ImageView */ = {
			isa = PBXGroup;
			children = (
				0785ECA21F5619D400B21812 /* RoundedImage.swift */,
				0785ECAB1F562C0A00B21812 /* ImageViewWithCornerRadius.swift */,
				074784481F5D91E400593650 /* ImageViewWithShadow.swift */,
			);
			name = ImageView;
			sourceTree = "<group>";
		};
		074F04EF1F575AFE00B4B98A /* Slider */ = {
			isa = PBXGroup;
			children = (
				07609D5B1F5474F3003D6358 /* CustomSlider.swift */,
			);
			name = Slider;
			sourceTree = "<group>";
		};
		074F04F01F575B1000B4B98A /* Button */ = {
			isa = PBXGroup;
			children = (
				07FBEA981F535439004EDDE2 /* WhiteBorderButton.swift */,
			);
			name = Button;
			sourceTree = "<group>";
		};
		074F04F11F575B1600B4B98A /* TextField */ = {
			isa = PBXGroup;
			children = (
				07FBEA851F533550004EDDE2 /* TextFieldWithInsets.swift */,
				07609D611F54F959003D6358 /* SearchTextField.swift */,
				074F04F21F575C2F00B4B98A /* EditingTextField.swift */,
				071580131F59F99500D4F42E /* RegistrationTextField.swift */,
				075668AA1F60E6CD00DED301 /* TextFieldWithRoundedBorder.swift */,
			);
			name = TextField;
			sourceTree = "<group>";
		};
		074F04F81F57916400B4B98A /* Ext */ = {
			isa = PBXGroup;
			children = (
				074F04F91F57917E00B4B98A /* TransitionExt.swift */,
				0759AABC1F5EE22F00697D0E /* TakimKurmaVCExt.swift */,
			);
			name = Ext;
			path = ..;
			sourceTree = "<group>";
		};
		0785ECA81F5623B100B21812 /* Xibs */ = {
			isa = PBXGroup;
			children = (
			);
			name = Xibs;
			sourceTree = "<group>";
		};
		07FABD041F54634500B279AA /* Resources */ = {
			isa = PBXGroup;
			children = (
				074F04EF1F575AFE00B4B98A /* Slider */,
				074F04EE1F575AE600B4B98A /* ImageView */,
				074F04ED1F575AD300B4B98A /* View */,
				074F04F11F575B1600B4B98A /* TextField */,
				074F04F01F575B1000B4B98A /* Button */,
				074F04F41F5768C600B4B98A /* CustomDatePicker.swift */,
				0737E1AA1F5A2B6A006EA3A5 /* pinWithImage.swift */,
			);
			name = Resources;
			path = ..;
			sourceTree = "<group>";
		};
		07FBEA5B1F531DDE004EDDE2 = {
			isa = PBXGroup;
			children = (
				07FBEA661F531DDE004EDDE2 /* Mac Bul! */,
				07FBEA651F531DDE004EDDE2 /* Products */,
				9FEF807C1E249A05D76CFFBE /* Pods */,
				1EE5E9C5A7566C3AA11F172B /* Frameworks */,
			);
			sourceTree = "<group>";
		};
		07FBEA651F531DDE004EDDE2 /* Products */ = {
			isa = PBXGroup;
			children = (
				07FBEA641F531DDE004EDDE2 /* Mac Bul!.app */,
			);
			name = Products;
			sourceTree = "<group>";
		};
		07FBEA661F531DDE004EDDE2 /* Mac Bul! */ = {
			isa = PBXGroup;
			children = (
				074F04F81F57916400B4B98A /* Ext */,
				0785ECA81F5623B100B21812 /* Xibs */,
				07FBEA8F1F534062004EDDE2 /* Services */,
				07FBEA8E1F53405A004EDDE2 /* Modal */,
				07FBEA7C1F533448004EDDE2 /* View */,
				07FBEA871F533C01004EDDE2 /* Controller */,
				07FBEA6B1F531DDE004EDDE2 /* Main.storyboard */,
				07FABD041F54634500B279AA /* Resources */,
				07FBEA7B1F532FC3004EDDE2 /* SupportingFiles */,
			);
			path = "Mac Bul!";
			sourceTree = "<group>";
		};
		07FBEA7B1F532FC3004EDDE2 /* SupportingFiles */ = {
			isa = PBXGroup;
			children = (
				07FBEA671F531DDE004EDDE2 /* AppDelegate.swift */,
				07FBEA701F531DDE004EDDE2 /* LaunchScreen.storyboard */,
				07FBEA731F531DDE004EDDE2 /* Info.plist */,
				07FBEA791F531E04004EDDE2 /* GoogleService-Info.plist */,
				07609D5D1F547F99003D6358 /* Media.xcassets */,
			);
			name = SupportingFiles;
			sourceTree = "<group>";
		};
		07FBEA7C1F533448004EDDE2 /* View */ = {
			isa = PBXGroup;
			children = (
				07609D571F54639E003D6358 /* EslesmeArayanTakimCell.swift */,
				071D393F1F55C7CB0074CF1F /* TeamChatCell.swift */,
				0785ECA91F56295900B21812 /* AvatarPickerCell.swift */,
				074003FA1F59B9DC00328DEF /* CustomPin.swift */,
				0786A8EE1F5F7676007BBBC9 /* GradientView.swift */,
			);
			name = View;
			sourceTree = "<group>";
		};
		07FBEA871F533C01004EDDE2 /* Controller */ = {
			isa = PBXGroup;
			children = (
				07FBEA8C1F533C9A004EDDE2 /* HesapOlusturVC.swift */,
				07FBEA8A1F533C36004EDDE2 /* HesabaGirVC.swift */,
				07FBEA961F534A16004EDDE2 /* SecimVC.swift */,
				078FE8911F535D330036D722 /* BasketballMainVC.swift */,
				07C56C711F53788F001D1E88 /* onboardingVC.swift */,
				07FABD021F54610B00B279AA /* EslesmeArayanTakımlarVC.swift */,
				071D393D1F55AF850074CF1F /* TeamChatVC.swift */,
				0785ECA41F5623AA00B21812 /* AvatarPickerVC.swift */,
				07294EA91F5738F6004F20D2 /* TeamProfileVCForPublic.swift */,
				074F04EB1F5758C700B4B98A /* TeamProfileEditingVC.swift */,
				0703F5BF1F58E6A300A9BC34 /* MapVC.swift */,
				071580151F5A043400D4F42E /* TakımKurmaVC.swift */,
			);
			name = Controller;
			sourceTree = "<group>";
		};
		07FBEA8E1F53405A004EDDE2 /* Modal */ = {
			isa = PBXGroup;
			children = (
				07609D591F5467BD003D6358 /* BasketballTeam.swift */,
				07609D5F1F54EBE3003D6358 /* TableViewController.swift */,
				071D39411F55C9580074CF1F /* BasketballTeamMessage.swift */,
			);
			name = Modal;
			sourceTree = "<group>";
		};
		07FBEA8F1F534062004EDDE2 /* Services */ = {
			isa = PBXGroup;
			children = (
				07FBEA901F534073004EDDE2 /* AuthService.swift */,
				07FBEA921F534083004EDDE2 /* DatabaseService.swift */,
				074F04F61F578D5900B4B98A /* UserdataService.swift */,
			);
			name = Services;
			sourceTree = "<group>";
		};
		1EE5E9C5A7566C3AA11F172B /* Frameworks */ = {
			isa = PBXGroup;
			children = (
				77C6734B5A465FB4234E417E /* Pods_Mac_Bul_.framework */,
			);
			name = Frameworks;
			sourceTree = "<group>";
		};
		9FEF807C1E249A05D76CFFBE /* Pods */ = {
			isa = PBXGroup;
			children = (
				AF8DFFC7274401F375F924F5 /* Pods-Mac Bul!.debug.xcconfig */,
				2A6D7E5DA27DD05E016F1EC7 /* Pods-Mac Bul!.release.xcconfig */,
			);
			name = Pods;
			sourceTree = "<group>";
		};
/* End PBXGroup section */

/* Begin PBXNativeTarget section */
		07FBEA631F531DDE004EDDE2 /* Mac Bul! */ = {
			isa = PBXNativeTarget;
			buildConfigurationList = 07FBEA761F531DDE004EDDE2 /* Build configuration list for PBXNativeTarget "Mac Bul!" */;
			buildPhases = (
				0F1031CFEEE0D48CFE4FDB3F /* [CP] Check Pods Manifest.lock */,
				07FBEA601F531DDE004EDDE2 /* Sources */,
				07FBEA611F531DDE004EDDE2 /* Frameworks */,
				07FBEA621F531DDE004EDDE2 /* Resources */,
				1D9CB0319078A5639E07DCB4 /* [CP] Embed Pods Frameworks */,
				80B77C16357B89F757C6E36B /* [CP] Copy Pods Resources */,
			);
			buildRules = (
			);
			dependencies = (
			);
			name = "Mac Bul!";
			productName = "Mac Bul!";
			productReference = 07FBEA641F531DDE004EDDE2 /* Mac Bul!.app */;
			productType = "com.apple.product-type.application";
		};
/* End PBXNativeTarget section */

/* Begin PBXProject section */
		07FBEA5C1F531DDE004EDDE2 /* Project object */ = {
			isa = PBXProject;
			attributes = {
				LastSwiftUpdateCheck = 0830;
				LastUpgradeCheck = 0830;
				ORGANIZATIONNAME = MurathanBagdat;
				TargetAttributes = {
					07FBEA631F531DDE004EDDE2 = {
						CreatedOnToolsVersion = 8.3.3;
						DevelopmentTeam = 5HYX5VYSUR;
						ProvisioningStyle = Automatic;
					};
				};
			};
			buildConfigurationList = 07FBEA5F1F531DDE004EDDE2 /* Build configuration list for PBXProject "Mac Bul!" */;
			compatibilityVersion = "Xcode 3.2";
			developmentRegion = English;
			hasScannedForEncodings = 0;
			knownRegions = (
				en,
				Base,
			);
			mainGroup = 07FBEA5B1F531DDE004EDDE2;
			productRefGroup = 07FBEA651F531DDE004EDDE2 /* Products */;
			projectDirPath = "";
			projectRoot = "";
			targets = (
				07FBEA631F531DDE004EDDE2 /* Mac Bul! */,
			);
		};
/* End PBXProject section */

/* Begin PBXResourcesBuildPhase section */
		07FBEA621F531DDE004EDDE2 /* Resources */ = {
			isa = PBXResourcesBuildPhase;
			buildActionMask = 2147483647;
			files = (
				07FBEA7A1F531E04004EDDE2 /* GoogleService-Info.plist in Resources */,
				07FBEA721F531DDE004EDDE2 /* LaunchScreen.storyboard in Resources */,
				07609D5E1F547F99003D6358 /* Media.xcassets in Resources */,
				07FBEA6D1F531DDE004EDDE2 /* Main.storyboard in Resources */,
			);
			runOnlyForDeploymentPostprocessing = 0;
		};
/* End PBXResourcesBuildPhase section */

/* Begin PBXShellScriptBuildPhase section */
		0F1031CFEEE0D48CFE4FDB3F /* [CP] Check Pods Manifest.lock */ = {
			isa = PBXShellScriptBuildPhase;
			buildActionMask = 2147483647;
			files = (
			);
			inputPaths = (
				"${PODS_PODFILE_DIR_PATH}/Podfile.lock",
				"${PODS_ROOT}/Manifest.lock",
			);
			name = "[CP] Check Pods Manifest.lock";
			outputPaths = (
				"$(DERIVED_FILE_DIR)/Pods-Mac Bul!-checkManifestLockResult.txt",
			);
			runOnlyForDeploymentPostprocessing = 0;
			shellPath = /bin/sh;
			shellScript = "diff \"${PODS_PODFILE_DIR_PATH}/Podfile.lock\" \"${PODS_ROOT}/Manifest.lock\" > /dev/null\nif [ $? != 0 ] ; then\n    # print error to STDERR\n    echo \"error: The sandbox is not in sync with the Podfile.lock. Run 'pod install' or update your CocoaPods installation.\" >&2\n    exit 1\nfi\n# This output is used by Xcode 'outputs' to avoid re-running this script phase.\necho \"SUCCESS\" > \"${SCRIPT_OUTPUT_FILE_0}\"\n";
			showEnvVarsInLog = 0;
		};
		1D9CB0319078A5639E07DCB4 /* [CP] Embed Pods Frameworks */ = {
			isa = PBXShellScriptBuildPhase;
			buildActionMask = 2147483647;
			files = (
			);
			inputPaths = (
				"${SRCROOT}/Pods/Target Support Files/Pods-Mac Bul!/Pods-Mac Bul!-frameworks.sh",
				"${BUILT_PRODUCTS_DIR}/GTMSessionFetcher/GTMSessionFetcher.framework",
				"${BUILT_PRODUCTS_DIR}/GoogleToolboxForMac/GoogleToolboxForMac.framework",
				"${BUILT_PRODUCTS_DIR}/TextFieldEffects/TextFieldEffects.framework",
				"${BUILT_PRODUCTS_DIR}/nanopb/nanopb.framework",
			);
			name = "[CP] Embed Pods Frameworks";
			outputPaths = (
				"${TARGET_BUILD_DIR}/${FRAMEWORKS_FOLDER_PATH}/GTMSessionFetcher.framework",
				"${TARGET_BUILD_DIR}/${FRAMEWORKS_FOLDER_PATH}/GoogleToolboxForMac.framework",
				"${TARGET_BUILD_DIR}/${FRAMEWORKS_FOLDER_PATH}/TextFieldEffects.framework",
				"${TARGET_BUILD_DIR}/${FRAMEWORKS_FOLDER_PATH}/nanopb.framework",
			);
			runOnlyForDeploymentPostprocessing = 0;
			shellPath = /bin/sh;
			shellScript = "\"${SRCROOT}/Pods/Target Support Files/Pods-Mac Bul!/Pods-Mac Bul!-frameworks.sh\"\n";
			showEnvVarsInLog = 0;
		};
		80B77C16357B89F757C6E36B /* [CP] Copy Pods Resources */ = {
			isa = PBXShellScriptBuildPhase;
			buildActionMask = 2147483647;
			files = (
			);
			inputPaths = (
			);
			name = "[CP] Copy Pods Resources";
			outputPaths = (
			);
			runOnlyForDeploymentPostprocessing = 0;
			shellPath = /bin/sh;
			shellScript = "\"${SRCROOT}/Pods/Target Support Files/Pods-Mac Bul!/Pods-Mac Bul!-resources.sh\"\n";
			showEnvVarsInLog = 0;
		};
/* End PBXShellScriptBuildPhase section */

/* Begin PBXSourcesBuildPhase section */
		07FBEA601F531DDE004EDDE2 /* Sources */ = {
			isa = PBXSourcesBuildPhase;
			buildActionMask = 2147483647;
			files = (
				07FBEA8D1F533C9A004EDDE2 /* HesapOlusturVC.swift in Sources */,
				0785ECAC1F562C0A00B21812 /* ImageViewWithCornerRadius.swift in Sources */,
				0785ECA61F5623AB00B21812 /* AvatarPickerVC.swift in Sources */,
				0786A8EF1F5F7676007BBBC9 /* GradientView.swift in Sources */,
				07609D5C1F5474F3003D6358 /* CustomSlider.swift in Sources */,
				075668AB1F60E6CD00DED301 /* TextFieldWithRoundedBorder.swift in Sources */,
				07C56C721F53788F001D1E88 /* onboardingVC.swift in Sources */,
				07A4109B1F5604430043A1D3 /* BorderViewWithCornerRadius.swift in Sources */,
				071D393E1F55AF850074CF1F /* TeamChatVC.swift in Sources */,
				07FBEA931F534083004EDDE2 /* DatabaseService.swift in Sources */,
				07FBEA971F534A16004EDDE2 /* SecimVC.swift in Sources */,
				0737E1AB1F5A2B6A006EA3A5 /* pinWithImage.swift in Sources */,
				07C56C701F536F15001D1E88 /* ViewWithWhiteBorder.swift in Sources */,
				0785ECA31F5619D400B21812 /* RoundedImage.swift in Sources */,
				071580161F5A043400D4F42E /* TakımKurmaVC.swift in Sources */,
				074F04F51F5768C600B4B98A /* CustomDatePicker.swift in Sources */,
				074F04EC1F5758C700B4B98A /* TeamProfileEditingVC.swift in Sources */,
				071580141F59F99500D4F42E /* RegistrationTextField.swift in Sources */,
				07609D601F54EBE3003D6358 /* TableViewController.swift in Sources */,
				07FBEA991F535439004EDDE2 /* WhiteBorderButton.swift in Sources */,
				0781D5951F5C436F0017A040 /* RoundedViewWithSHADOW.swift in Sources */,
				074784491F5D91E400593650 /* ImageViewWithShadow.swift in Sources */,
				07294EAA1F5738F6004F20D2 /* TeamProfileVCForPublic.swift in Sources */,
				074F04F31F575C2F00B4B98A /* EditingTextField.swift in Sources */,
				074F04FA1F57917E00B4B98A /* TransitionExt.swift in Sources */,
				07609D581F54639E003D6358 /* EslesmeArayanTakimCell.swift in Sources */,
				071D39421F55C9580074CF1F /* BasketballTeamMessage.swift in Sources */,
				075668A91F60DA3D00DED301 /* ViewWithShadow.swift in Sources */,
				07609D621F54F959003D6358 /* SearchTextField.swift in Sources */,
				078FE8921F535D330036D722 /* BasketballMainVC.swift in Sources */,
				07FABD031F54610B00B279AA /* EslesmeArayanTakımlarVC.swift in Sources */,
				07FBEA681F531DDE004EDDE2 /* AppDelegate.swift in Sources */,
				07609D5A1F5467BD003D6358 /* BasketballTeam.swift in Sources */,
				0785ECAA1F56295900B21812 /* AvatarPickerCell.swift in Sources */,
				0703F5C01F58E6A300A9BC34 /* MapVC.swift in Sources */,
				0759AABD1F5EE22F00697D0E /* TakimKurmaVCExt.swift in Sources */,
				074F04F71F578D5900B4B98A /* UserdataService.swift in Sources */,
				074003FB1F59B9DC00328DEF /* CustomPin.swift in Sources */,
				07FBEA8B1F533C36004EDDE2 /* HesabaGirVC.swift in Sources */,
				071D39401F55C7CB0074CF1F /* TeamChatCell.swift in Sources */,
				07FBEA911F534073004EDDE2 /* AuthService.swift in Sources */,
				07FBEA801F53346A004EDDE2 /* RoundedView.swift in Sources */,
				07FBEA861F533550004EDDE2 /* TextFieldWithInsets.swift in Sources */,
			);
			runOnlyForDeploymentPostprocessing = 0;
		};
/* End PBXSourcesBuildPhase section */

/* Begin PBXVariantGroup section */
		07FBEA6B1F531DDE004EDDE2 /* Main.storyboard */ = {
			isa = PBXVariantGroup;
			children = (
				07FBEA6C1F531DDE004EDDE2 /* Base */,
			);
			name = Main.storyboard;
			sourceTree = "<group>";
		};
		07FBEA701F531DDE004EDDE2 /* LaunchScreen.storyboard */ = {
			isa = PBXVariantGroup;
			children = (
				07FBEA711F531DDE004EDDE2 /* Base */,
			);
			name = LaunchScreen.storyboard;
			sourceTree = "<group>";
		};
/* End PBXVariantGroup section */

/* Begin XCBuildConfiguration section */
		07FBEA741F531DDE004EDDE2 /* Debug */ = {
			isa = XCBuildConfiguration;
			buildSettings = {
				ALWAYS_SEARCH_USER_PATHS = NO;
				CLANG_ANALYZER_NONNULL = YES;
				CLANG_ANALYZER_NUMBER_OBJECT_CONVERSION = YES_AGGRESSIVE;
				CLANG_CXX_LANGUAGE_STANDARD = "gnu++0x";
				CLANG_CXX_LIBRARY = "libc++";
				CLANG_ENABLE_MODULES = YES;
				CLANG_ENABLE_OBJC_ARC = YES;
				CLANG_WARN_BOOL_CONVERSION = YES;
				CLANG_WARN_CONSTANT_CONVERSION = YES;
				CLANG_WARN_DIRECT_OBJC_ISA_USAGE = YES_ERROR;
				CLANG_WARN_DOCUMENTATION_COMMENTS = YES;
				CLANG_WARN_EMPTY_BODY = YES;
				CLANG_WARN_ENUM_CONVERSION = YES;
				CLANG_WARN_INFINITE_RECURSION = YES;
				CLANG_WARN_INT_CONVERSION = YES;
				CLANG_WARN_OBJC_ROOT_CLASS = YES_ERROR;
				CLANG_WARN_SUSPICIOUS_MOVE = YES;
				CLANG_WARN_UNREACHABLE_CODE = YES;
				CLANG_WARN__DUPLICATE_METHOD_MATCH = YES;
				"CODE_SIGN_IDENTITY[sdk=iphoneos*]" = "iPhone Developer";
				COPY_PHASE_STRIP = NO;
				DEBUG_INFORMATION_FORMAT = dwarf;
				ENABLE_STRICT_OBJC_MSGSEND = YES;
				ENABLE_TESTABILITY = YES;
				GCC_C_LANGUAGE_STANDARD = gnu99;
				GCC_DYNAMIC_NO_PIC = NO;
				GCC_NO_COMMON_BLOCKS = YES;
				GCC_OPTIMIZATION_LEVEL = 0;
				GCC_PREPROCESSOR_DEFINITIONS = (
					"DEBUG=1",
					"$(inherited)",
				);
				GCC_WARN_64_TO_32_BIT_CONVERSION = YES;
				GCC_WARN_ABOUT_RETURN_TYPE = YES_ERROR;
				GCC_WARN_UNDECLARED_SELECTOR = YES;
				GCC_WARN_UNINITIALIZED_AUTOS = YES_AGGRESSIVE;
				GCC_WARN_UNUSED_FUNCTION = YES;
				GCC_WARN_UNUSED_VARIABLE = YES;
				IPHONEOS_DEPLOYMENT_TARGET = 10.3;
				MTL_ENABLE_DEBUG_INFO = YES;
				ONLY_ACTIVE_ARCH = YES;
				SDKROOT = iphoneos;
				SWIFT_ACTIVE_COMPILATION_CONDITIONS = DEBUG;
				SWIFT_OPTIMIZATION_LEVEL = "-Onone";
				TARGETED_DEVICE_FAMILY = "1,2";
			};
			name = Debug;
		};
		07FBEA751F531DDE004EDDE2 /* Release */ = {
			isa = XCBuildConfiguration;
			buildSettings = {
				ALWAYS_SEARCH_USER_PATHS = NO;
				CLANG_ANALYZER_NONNULL = YES;
				CLANG_ANALYZER_NUMBER_OBJECT_CONVERSION = YES_AGGRESSIVE;
				CLANG_CXX_LANGUAGE_STANDARD = "gnu++0x";
				CLANG_CXX_LIBRARY = "libc++";
				CLANG_ENABLE_MODULES = YES;
				CLANG_ENABLE_OBJC_ARC = YES;
				CLANG_WARN_BOOL_CONVERSION = YES;
				CLANG_WARN_CONSTANT_CONVERSION = YES;
				CLANG_WARN_DIRECT_OBJC_ISA_USAGE = YES_ERROR;
				CLANG_WARN_DOCUMENTATION_COMMENTS = YES;
				CLANG_WARN_EMPTY_BODY = YES;
				CLANG_WARN_ENUM_CONVERSION = YES;
				CLANG_WARN_INFINITE_RECURSION = YES;
				CLANG_WARN_INT_CONVERSION = YES;
				CLANG_WARN_OBJC_ROOT_CLASS = YES_ERROR;
				CLANG_WARN_SUSPICIOUS_MOVE = YES;
				CLANG_WARN_UNREACHABLE_CODE = YES;
				CLANG_WARN__DUPLICATE_METHOD_MATCH = YES;
				"CODE_SIGN_IDENTITY[sdk=iphoneos*]" = "iPhone Developer";
				COPY_PHASE_STRIP = NO;
				DEBUG_INFORMATION_FORMAT = "dwarf-with-dsym";
				ENABLE_NS_ASSERTIONS = NO;
				ENABLE_STRICT_OBJC_MSGSEND = YES;
				GCC_C_LANGUAGE_STANDARD = gnu99;
				GCC_NO_COMMON_BLOCKS = YES;
				GCC_WARN_64_TO_32_BIT_CONVERSION = YES;
				GCC_WARN_ABOUT_RETURN_TYPE = YES_ERROR;
				GCC_WARN_UNDECLARED_SELECTOR = YES;
				GCC_WARN_UNINITIALIZED_AUTOS = YES_AGGRESSIVE;
				GCC_WARN_UNUSED_FUNCTION = YES;
				GCC_WARN_UNUSED_VARIABLE = YES;
				IPHONEOS_DEPLOYMENT_TARGET = 10.3;
				MTL_ENABLE_DEBUG_INFO = NO;
				SDKROOT = iphoneos;
				SWIFT_OPTIMIZATION_LEVEL = "-Owholemodule";
				TARGETED_DEVICE_FAMILY = "1,2";
				VALIDATE_PRODUCT = YES;
			};
			name = Release;
		};
		07FBEA771F531DDE004EDDE2 /* Debug */ = {
			isa = XCBuildConfiguration;
			baseConfigurationReference = AF8DFFC7274401F375F924F5 /* Pods-Mac Bul!.debug.xcconfig */;
			buildSettings = {
				ASSETCATALOG_COMPILER_APPICON_NAME = AppIcon;
				DEVELOPMENT_TEAM = 5HYX5VYSUR;
				INFOPLIST_FILE = "Mac Bul!/Info.plist";
				LD_RUNPATH_SEARCH_PATHS = "$(inherited) @executable_path/Frameworks";
				PRODUCT_BUNDLE_IDENTIFIER = "com.bagdatmurathan.Mac-Bul-";
				PRODUCT_NAME = "$(TARGET_NAME)";
				SWIFT_VERSION = 3.0;
			};
			name = Debug;
		};
		07FBEA781F531DDE004EDDE2 /* Release */ = {
			isa = XCBuildConfiguration;
			baseConfigurationReference = 2A6D7E5DA27DD05E016F1EC7 /* Pods-Mac Bul!.release.xcconfig */;
			buildSettings = {
				ASSETCATALOG_COMPILER_APPICON_NAME = AppIcon;
				DEVELOPMENT_TEAM = 5HYX5VYSUR;
				INFOPLIST_FILE = "Mac Bul!/Info.plist";
				LD_RUNPATH_SEARCH_PATHS = "$(inherited) @executable_path/Frameworks";
				PRODUCT_BUNDLE_IDENTIFIER = "com.bagdatmurathan.Mac-Bul-";
				PRODUCT_NAME = "$(TARGET_NAME)";
				SWIFT_VERSION = 3.0;
			};
			name = Release;
		};
/* End XCBuildConfiguration section */

/* Begin XCConfigurationList section */
		07FBEA5F1F531DDE004EDDE2 /* Build configuration list for PBXProject "Mac Bul!" */ = {
			isa = XCConfigurationList;
			buildConfigurations = (
				07FBEA741F531DDE004EDDE2 /* Debug */,
				07FBEA751F531DDE004EDDE2 /* Release */,
			);
			defaultConfigurationIsVisible = 0;
			defaultConfigurationName = Release;
		};
		07FBEA761F531DDE004EDDE2 /* Build configuration list for PBXNativeTarget "Mac Bul!" */ = {
			isa = XCConfigurationList;
			buildConfigurations = (
				07FBEA771F531DDE004EDDE2 /* Debug */,
				07FBEA781F531DDE004EDDE2 /* Release */,
			);
			defaultConfigurationIsVisible = 0;
			defaultConfigurationName = Release;
		};
/* End XCConfigurationList section */
	};
	rootObject = 07FBEA5C1F531DDE004EDDE2 /* Project object */;
}
